// !$*UTF8*$!
{
	archiveVersion = 1;
	classes = {
	};
	objectVersion = 50;
	objects = {

/* Begin PBXBuildFile section */
		8A89D6569687E892B489C660 /* Pods_Slacky.framework in Frameworks */ = {isa = PBXBuildFile; fileRef = 3217D1A9FB152A810EAFA793 /* Pods_Slacky.framework */; };
		C9104E2B230F089B000700D4 /* AuthService.swift in Sources */ = {isa = PBXBuildFile; fileRef = C9104E2A230F089B000700D4 /* AuthService.swift */; };
		C9155F9B2316E0FA00609FA8 /* AvatarPickerVC.swift in Sources */ = {isa = PBXBuildFile; fileRef = C9155F9A2316E0FA00609FA8 /* AvatarPickerVC.swift */; };
		C9155F9D2316E51300609FA8 /* AvatarCell.swift in Sources */ = {isa = PBXBuildFile; fileRef = C9155F9C2316E51300609FA8 /* AvatarCell.swift */; };
		C9155F9F2316FB8400609FA8 /* CircleImage.swift in Sources */ = {isa = PBXBuildFile; fileRef = C9155F9E2316FB8400609FA8 /* CircleImage.swift */; };
		C9471310230C4C9100327191 /* SWRevealViewController.m in Sources */ = {isa = PBXBuildFile; fileRef = C947130E230C4C9000327191 /* SWRevealViewController.m */; };
		C9471315230C4FF900327191 /* ChatVC.swift in Sources */ = {isa = PBXBuildFile; fileRef = C9471314230C4FF900327191 /* ChatVC.swift */; };
		C9471317230C501B00327191 /* ChannelVC.swift in Sources */ = {isa = PBXBuildFile; fileRef = C9471316230C501B00327191 /* ChannelVC.swift */; };
		C9471319230C5BF500327191 /* GradientView.swift in Sources */ = {isa = PBXBuildFile; fileRef = C9471318230C5BF500327191 /* GradientView.swift */; };
		C947131C230C7E2000327191 /* Constants.swift in Sources */ = {isa = PBXBuildFile; fileRef = C947131B230C7E2000327191 /* Constants.swift */; };
		C947131E230C82A300327191 /* LoginVC.swift in Sources */ = {isa = PBXBuildFile; fileRef = C947131D230C82A300327191 /* LoginVC.swift */; };
		C9471320230D885800327191 /* CreateAccountVC.swift in Sources */ = {isa = PBXBuildFile; fileRef = C947131F230D885800327191 /* CreateAccountVC.swift */; };
		C9CBB401230C4454002BDB28 /* AppDelegate.swift in Sources */ = {isa = PBXBuildFile; fileRef = C9CBB400230C4454002BDB28 /* AppDelegate.swift */; };
		C9CBB406230C4454002BDB28 /* Main.storyboard in Resources */ = {isa = PBXBuildFile; fileRef = C9CBB404230C4454002BDB28 /* Main.storyboard */; };
		C9CBB408230C4456002BDB28 /* Assets.xcassets in Resources */ = {isa = PBXBuildFile; fileRef = C9CBB407230C4456002BDB28 /* Assets.xcassets */; };
		C9CBB40B230C4456002BDB28 /* LaunchScreen.storyboard in Resources */ = {isa = PBXBuildFile; fileRef = C9CBB409230C4456002BDB28 /* LaunchScreen.storyboard */; };
		C9EAC8462310412F00E9752B /* RoundedButton.swift in Sources */ = {isa = PBXBuildFile; fileRef = C9EAC8452310412F00E9752B /* RoundedButton.swift */; };
		C9EAC84823109E6500E9752B /* UserDataService.swift in Sources */ = {isa = PBXBuildFile; fileRef = C9EAC84723109E6500E9752B /* UserDataService.swift */; };
/* End PBXBuildFile section */

/* Begin PBXFileReference section */
		3217D1A9FB152A810EAFA793 /* Pods_Slacky.framework */ = {isa = PBXFileReference; explicitFileType = wrapper.framework; includeInIndex = 0; path = Pods_Slacky.framework; sourceTree = BUILT_PRODUCTS_DIR; };
		509224F6E780DE67C9137E64 /* Pods-Slacky.debug.xcconfig */ = {isa = PBXFileReference; includeInIndex = 1; lastKnownFileType = text.xcconfig; name = "Pods-Slacky.debug.xcconfig"; path = "Pods/Target Support Files/Pods-Slacky/Pods-Slacky.debug.xcconfig"; sourceTree = "<group>"; };
		C9104E2A230F089B000700D4 /* AuthService.swift */ = {isa = PBXFileReference; lastKnownFileType = sourcecode.swift; path = AuthService.swift; sourceTree = "<group>"; };
		C9104E2C230FFD2E000700D4 /* Slacky.entitlements */ = {isa = PBXFileReference; lastKnownFileType = text.plist.entitlements; path = Slacky.entitlements; sourceTree = "<group>"; };
		C9155F9A2316E0FA00609FA8 /* AvatarPickerVC.swift */ = {isa = PBXFileReference; lastKnownFileType = sourcecode.swift; path = AvatarPickerVC.swift; sourceTree = "<group>"; };
		C9155F9C2316E51300609FA8 /* AvatarCell.swift */ = {isa = PBXFileReference; lastKnownFileType = sourcecode.swift; path = AvatarCell.swift; sourceTree = "<group>"; };
		C9155F9E2316FB8400609FA8 /* CircleImage.swift */ = {isa = PBXFileReference; lastKnownFileType = sourcecode.swift; path = CircleImage.swift; sourceTree = "<group>"; };
		C947130D230C4C8F00327191 /* Slacky-Bridging-Header.h */ = {isa = PBXFileReference; lastKnownFileType = sourcecode.c.h; path = "Slacky-Bridging-Header.h"; sourceTree = "<group>"; };
		C947130E230C4C9000327191 /* SWRevealViewController.m */ = {isa = PBXFileReference; fileEncoding = 4; lastKnownFileType = sourcecode.c.objc; path = SWRevealViewController.m; sourceTree = "<group>"; };
		C947130F230C4C9100327191 /* SWRevealViewController.h */ = {isa = PBXFileReference; fileEncoding = 4; lastKnownFileType = sourcecode.c.h; path = SWRevealViewController.h; sourceTree = "<group>"; };
		C9471314230C4FF900327191 /* ChatVC.swift */ = {isa = PBXFileReference; lastKnownFileType = sourcecode.swift; path = ChatVC.swift; sourceTree = "<group>"; };
		C9471316230C501B00327191 /* ChannelVC.swift */ = {isa = PBXFileReference; lastKnownFileType = sourcecode.swift; path = ChannelVC.swift; sourceTree = "<group>"; };
		C9471318230C5BF500327191 /* GradientView.swift */ = {isa = PBXFileReference; lastKnownFileType = sourcecode.swift; path = GradientView.swift; sourceTree = "<group>"; };
		C947131B230C7E2000327191 /* Constants.swift */ = {isa = PBXFileReference; lastKnownFileType = sourcecode.swift; path = Constants.swift; sourceTree = "<group>"; };
		C947131D230C82A300327191 /* LoginVC.swift */ = {isa = PBXFileReference; lastKnownFileType = sourcecode.swift; path = LoginVC.swift; sourceTree = "<group>"; };
		C947131F230D885800327191 /* CreateAccountVC.swift */ = {isa = PBXFileReference; lastKnownFileType = sourcecode.swift; path = CreateAccountVC.swift; sourceTree = "<group>"; };
		C9CBB3FD230C4454002BDB28 /* Slacky.app */ = {isa = PBXFileReference; explicitFileType = wrapper.application; includeInIndex = 0; path = Slacky.app; sourceTree = BUILT_PRODUCTS_DIR; };
		C9CBB400230C4454002BDB28 /* AppDelegate.swift */ = {isa = PBXFileReference; lastKnownFileType = sourcecode.swift; path = AppDelegate.swift; sourceTree = "<group>"; };
		C9CBB405230C4454002BDB28 /* Base */ = {isa = PBXFileReference; lastKnownFileType = file.storyboard; name = Base; path = Base.lproj/Main.storyboard; sourceTree = "<group>"; };
		C9CBB407230C4456002BDB28 /* Assets.xcassets */ = {isa = PBXFileReference; lastKnownFileType = folder.assetcatalog; path = Assets.xcassets; sourceTree = "<group>"; };
		C9CBB40A230C4456002BDB28 /* Base */ = {isa = PBXFileReference; lastKnownFileType = file.storyboard; name = Base; path = Base.lproj/LaunchScreen.storyboard; sourceTree = "<group>"; };
		C9CBB40C230C4456002BDB28 /* Info.plist */ = {isa = PBXFileReference; lastKnownFileType = text.plist.xml; path = Info.plist; sourceTree = "<group>"; };
		C9EAC8452310412F00E9752B /* RoundedButton.swift */ = {isa = PBXFileReference; lastKnownFileType = sourcecode.swift; path = RoundedButton.swift; sourceTree = "<group>"; };
		C9EAC84723109E6500E9752B /* UserDataService.swift */ = {isa = PBXFileReference; lastKnownFileType = sourcecode.swift; path = UserDataService.swift; sourceTree = "<group>"; };
		DE96BF37EF79C27A10868680 /* Pods-Slacky.release.xcconfig */ = {isa = PBXFileReference; includeInIndex = 1; lastKnownFileType = text.xcconfig; name = "Pods-Slacky.release.xcconfig"; path = "Pods/Target Support Files/Pods-Slacky/Pods-Slacky.release.xcconfig"; sourceTree = "<group>"; };
/* End PBXFileReference section */

/* Begin PBXFrameworksBuildPhase section */
		C9CBB3FA230C4454002BDB28 /* Frameworks */ = {
			isa = PBXFrameworksBuildPhase;
			buildActionMask = 2147483647;
			files = (
				8A89D6569687E892B489C660 /* Pods_Slacky.framework in Frameworks */,
			);
			runOnlyForDeploymentPostprocessing = 0;
		};
/* End PBXFrameworksBuildPhase section */

/* Begin PBXGroup section */
		0831B54CFB310F9A70614898 /* Pods */ = {
			isa = PBXGroup;
			children = (
				509224F6E780DE67C9137E64 /* Pods-Slacky.debug.xcconfig */,
				DE96BF37EF79C27A10868680 /* Pods-Slacky.release.xcconfig */,
			);
			name = Pods;
			sourceTree = "<group>";
		};
		61210313FC30A25ED3F504C4 /* Frameworks */ = {
			isa = PBXGroup;
			children = (
				3217D1A9FB152A810EAFA793 /* Pods_Slacky.framework */,
			);
			name = Frameworks;
			sourceTree = "<group>";
		};
		C9104E29230F086C000700D4 /* Services */ = {
			isa = PBXGroup;
			children = (
				C9104E2A230F089B000700D4 /* AuthService.swift */,
				C9EAC84723109E6500E9752B /* UserDataService.swift */,
			);
			path = Services;
			sourceTree = "<group>";
		};
		C947130C230C4C4300327191 /* Supporting Files */ = {
			isa = PBXGroup;
			children = (
				C947130F230C4C9100327191 /* SWRevealViewController.h */,
				C947130E230C4C9000327191 /* SWRevealViewController.m */,
				C947130D230C4C8F00327191 /* Slacky-Bridging-Header.h */,
			);
			path = "Supporting Files";
			sourceTree = "<group>";
		};
		C9471311230C4FB300327191 /* Controller */ = {
			isa = PBXGroup;
			children = (
				C9471314230C4FF900327191 /* ChatVC.swift */,
				C9471316230C501B00327191 /* ChannelVC.swift */,
				C947131D230C82A300327191 /* LoginVC.swift */,
				C947131F230D885800327191 /* CreateAccountVC.swift */,
				C9155F9A2316E0FA00609FA8 /* AvatarPickerVC.swift */,
			);
			path = Controller;
			sourceTree = "<group>";
		};
		C9471312230C4FC000327191 /* View */ = {
			isa = PBXGroup;
			children = (
				C9471318230C5BF500327191 /* GradientView.swift */,
				C9EAC8452310412F00E9752B /* RoundedButton.swift */,
				C9155F9C2316E51300609FA8 /* AvatarCell.swift */,
				C9155F9E2316FB8400609FA8 /* CircleImage.swift */,
			);
			path = View;
			sourceTree = "<group>";
		};
		C9471313230C4FCB00327191 /* Model */ = {
			isa = PBXGroup;
			children = (
			);
			path = Model;
			sourceTree = "<group>";
		};
		C947131A230C7DFD00327191 /* Utilities */ = {
			isa = PBXGroup;
			children = (
				C947131B230C7E2000327191 /* Constants.swift */,
			);
			path = Utilities;
			sourceTree = "<group>";
		};
		C9CBB3F4230C4454002BDB28 = {
			isa = PBXGroup;
			children = (
				C9CBB3FF230C4454002BDB28 /* Slacky */,
				C9CBB3FE230C4454002BDB28 /* Products */,
				0831B54CFB310F9A70614898 /* Pods */,
				61210313FC30A25ED3F504C4 /* Frameworks */,
			);
			sourceTree = "<group>";
		};
		C9CBB3FE230C4454002BDB28 /* Products */ = {
			isa = PBXGroup;
			children = (
				C9CBB3FD230C4454002BDB28 /* Slacky.app */,
			);
			name = Products;
			sourceTree = "<group>";
		};
		C9CBB3FF230C4454002BDB28 /* Slacky */ = {
			isa = PBXGroup;
			children = (
				C9104E2C230FFD2E000700D4 /* Slacky.entitlements */,
				C9104E29230F086C000700D4 /* Services */,
				C947131A230C7DFD00327191 /* Utilities */,
				C947130C230C4C4300327191 /* Supporting Files */,
				C9471313230C4FCB00327191 /* Model */,
				C9471312230C4FC000327191 /* View */,
				C9471311230C4FB300327191 /* Controller */,
				C9CBB400230C4454002BDB28 /* AppDelegate.swift */,
				C9CBB404230C4454002BDB28 /* Main.storyboard */,
				C9CBB407230C4456002BDB28 /* Assets.xcassets */,
				C9CBB409230C4456002BDB28 /* LaunchScreen.storyboard */,
				C9CBB40C230C4456002BDB28 /* Info.plist */,
			);
			path = Slacky;
			sourceTree = "<group>";
		};
/* End PBXGroup section */

/* Begin PBXNativeTarget section */
		C9CBB3FC230C4454002BDB28 /* Slacky */ = {
			isa = PBXNativeTarget;
			buildConfigurationList = C9CBB40F230C4456002BDB28 /* Build configuration list for PBXNativeTarget "Slacky" */;
			buildPhases = (
				72B5AD35FB80DB0229917034 /* [CP] Check Pods Manifest.lock */,
				C9CBB3F9230C4454002BDB28 /* Sources */,
				C9CBB3FA230C4454002BDB28 /* Frameworks */,
				C9CBB3FB230C4454002BDB28 /* Resources */,
				A23B323E3582F2CB725BD75E /* [CP] Embed Pods Frameworks */,
			);
			buildRules = (
			);
			dependencies = (
			);
			name = Slacky;
			productName = Slacky;
			productReference = C9CBB3FD230C4454002BDB28 /* Slacky.app */;
			productType = "com.apple.product-type.application";
		};
/* End PBXNativeTarget section */

/* Begin PBXProject section */
		C9CBB3F5230C4454002BDB28 /* Project object */ = {
			isa = PBXProject;
			attributes = {
				LastSwiftUpdateCheck = 1030;
				LastUpgradeCheck = 1030;
				ORGANIZATIONNAME = "Andras Pal";
				TargetAttributes = {
					C9CBB3FC230C4454002BDB28 = {
						CreatedOnToolsVersion = 10.3;
						LastSwiftMigration = 1030;
						SystemCapabilities = {
							com.apple.Keychain = {
								enabled = 1;
							};
						};
					};
				};
			};
			buildConfigurationList = C9CBB3F8230C4454002BDB28 /* Build configuration list for PBXProject "Slacky" */;
			compatibilityVersion = "Xcode 9.3";
			developmentRegion = en;
			hasScannedForEncodings = 0;
			knownRegions = (
				en,
				Base,
			);
			mainGroup = C9CBB3F4230C4454002BDB28;
			productRefGroup = C9CBB3FE230C4454002BDB28 /* Products */;
			projectDirPath = "";
			projectRoot = "";
			targets = (
				C9CBB3FC230C4454002BDB28 /* Slacky */,
			);
		};
/* End PBXProject section */

/* Begin PBXResourcesBuildPhase section */
		C9CBB3FB230C4454002BDB28 /* Resources */ = {
			isa = PBXResourcesBuildPhase;
			buildActionMask = 2147483647;
			files = (
				C9CBB40B230C4456002BDB28 /* LaunchScreen.storyboard in Resources */,
				C9CBB408230C4456002BDB28 /* Assets.xcassets in Resources */,
				C9CBB406230C4454002BDB28 /* Main.storyboard in Resources */,
			);
			runOnlyForDeploymentPostprocessing = 0;
		};
/* End PBXResourcesBuildPhase section */

/* Begin PBXShellScriptBuildPhase section */
		72B5AD35FB80DB0229917034 /* [CP] Check Pods Manifest.lock */ = {
			isa = PBXShellScriptBuildPhase;
			buildActionMask = 2147483647;
			files = (
			);
			inputPaths = (
				"${PODS_PODFILE_DIR_PATH}/Podfile.lock",
				"${PODS_ROOT}/Manifest.lock",
			);
			name = "[CP] Check Pods Manifest.lock";
			outputPaths = (
				"$(DERIVED_FILE_DIR)/Pods-Slacky-checkManifestLockResult.txt",
			);
			runOnlyForDeploymentPostprocessing = 0;
			shellPath = /bin/sh;
			shellScript = "diff \"${PODS_PODFILE_DIR_PATH}/Podfile.lock\" \"${PODS_ROOT}/Manifest.lock\" > /dev/null\nif [ $? != 0 ] ; then\n    # print error to STDERR\n    echo \"error: The sandbox is not in sync with the Podfile.lock. Run 'pod install' or update your CocoaPods installation.\" >&2\n    exit 1\nfi\n# This output is used by Xcode 'outputs' to avoid re-running this script phase.\necho \"SUCCESS\" > \"${SCRIPT_OUTPUT_FILE_0}\"\n";
			showEnvVarsInLog = 0;
		};
		A23B323E3582F2CB725BD75E /* [CP] Embed Pods Frameworks */ = {
			isa = PBXShellScriptBuildPhase;
			buildActionMask = 2147483647;
			files = (
			);
			inputPaths = (
				"${SRCROOT}/Pods/Target Support Files/Pods-Slacky/Pods-Slacky-frameworks.sh",
				"${BUILT_PRODUCTS_DIR}/Alamofire/Alamofire.framework",
				"${BUILT_PRODUCTS_DIR}/Socket.IO-Client-Swift/SocketIO.framework",
				"${BUILT_PRODUCTS_DIR}/Starscream/Starscream.framework",
				"${BUILT_PRODUCTS_DIR}/SwiftyJSON/SwiftyJSON.framework",
			);
			name = "[CP] Embed Pods Frameworks";
			outputPaths = (
				"${TARGET_BUILD_DIR}/${FRAMEWORKS_FOLDER_PATH}/Alamofire.framework",
				"${TARGET_BUILD_DIR}/${FRAMEWORKS_FOLDER_PATH}/SocketIO.framework",
				"${TARGET_BUILD_DIR}/${FRAMEWORKS_FOLDER_PATH}/Starscream.framework",
				"${TARGET_BUILD_DIR}/${FRAMEWORKS_FOLDER_PATH}/SwiftyJSON.framework",
			);
			runOnlyForDeploymentPostprocessing = 0;
			shellPath = /bin/sh;
			shellScript = "\"${SRCROOT}/Pods/Target Support Files/Pods-Slacky/Pods-Slacky-frameworks.sh\"\n";
			showEnvVarsInLog = 0;
		};
/* End PBXShellScriptBuildPhase section */

/* Begin PBXSourcesBuildPhase section */
		C9CBB3F9230C4454002BDB28 /* Sources */ = {
			isa = PBXSourcesBuildPhase;
			buildActionMask = 2147483647;
			files = (
				C9471317230C501B00327191 /* ChannelVC.swift in Sources */,
				C9155F9B2316E0FA00609FA8 /* AvatarPickerVC.swift in Sources */,
				C9EAC8462310412F00E9752B /* RoundedButton.swift in Sources */,
				C9155F9F2316FB8400609FA8 /* CircleImage.swift in Sources */,
				C9471315230C4FF900327191 /* ChatVC.swift in Sources */,
				C9EAC84823109E6500E9752B /* UserDataService.swift in Sources */,
				C9471320230D885800327191 /* CreateAccountVC.swift in Sources */,
				C9104E2B230F089B000700D4 /* AuthService.swift in Sources */,
				C947131E230C82A300327191 /* LoginVC.swift in Sources */,
				C9471319230C5BF500327191 /* GradientView.swift in Sources */,
				C9155F9D2316E51300609FA8 /* AvatarCell.swift in Sources */,
				C9CBB401230C4454002BDB28 /* AppDelegate.swift in Sources */,
				C9471310230C4C9100327191 /* SWRevealViewController.m in Sources */,
				C947131C230C7E2000327191 /* Constants.swift in Sources */,
			);
			runOnlyForDeploymentPostprocessing = 0;
		};
/* End PBXSourcesBuildPhase section */

/* Begin PBXVariantGroup section */
		C9CBB404230C4454002BDB28 /* Main.storyboard */ = {
			isa = PBXVariantGroup;
			children = (
				C9CBB405230C4454002BDB28 /* Base */,
			);
			name = Main.storyboard;
			sourceTree = "<group>";
		};
		C9CBB409230C4456002BDB28 /* LaunchScreen.storyboard */ = {
			isa = PBXVariantGroup;
			children = (
				C9CBB40A230C4456002BDB28 /* Base */,
			);
			name = LaunchScreen.storyboard;
			sourceTree = "<group>";
		};
/* End PBXVariantGroup section */

/* Begin XCBuildConfiguration section */
		C9CBB40D230C4456002BDB28 /* Debug */ = {
			isa = XCBuildConfiguration;
			buildSettings = {
				ALWAYS_SEARCH_USER_PATHS = NO;
				CLANG_ANALYZER_NONNULL = YES;
				CLANG_ANALYZER_NUMBER_OBJECT_CONVERSION = YES_AGGRESSIVE;
				CLANG_CXX_LANGUAGE_STANDARD = "gnu++14";
				CLANG_CXX_LIBRARY = "libc++";
				CLANG_ENABLE_MODULES = YES;
				CLANG_ENABLE_OBJC_ARC = YES;
				CLANG_ENABLE_OBJC_WEAK = YES;
				CLANG_WARN_BLOCK_CAPTURE_AUTORELEASING = YES;
				CLANG_WARN_BOOL_CONVERSION = YES;
				CLANG_WARN_COMMA = YES;
				CLANG_WARN_CONSTANT_CONVERSION = YES;
				CLANG_WARN_DEPRECATED_OBJC_IMPLEMENTATIONS = YES;
				CLANG_WARN_DIRECT_OBJC_ISA_USAGE = YES_ERROR;
				CLANG_WARN_DOCUMENTATION_COMMENTS = YES;
				CLANG_WARN_EMPTY_BODY = YES;
				CLANG_WARN_ENUM_CONVERSION = YES;
				CLANG_WARN_INFINITE_RECURSION = YES;
				CLANG_WARN_INT_CONVERSION = YES;
				CLANG_WARN_NON_LITERAL_NULL_CONVERSION = YES;
				CLANG_WARN_OBJC_IMPLICIT_RETAIN_SELF = YES;
				CLANG_WARN_OBJC_LITERAL_CONVERSION = YES;
				CLANG_WARN_OBJC_ROOT_CLASS = YES_ERROR;
				CLANG_WARN_RANGE_LOOP_ANALYSIS = YES;
				CLANG_WARN_STRICT_PROTOTYPES = YES;
				CLANG_WARN_SUSPICIOUS_MOVE = YES;
				CLANG_WARN_UNGUARDED_AVAILABILITY = YES_AGGRESSIVE;
				CLANG_WARN_UNREACHABLE_CODE = YES;
				CLANG_WARN__DUPLICATE_METHOD_MATCH = YES;
				CODE_SIGN_IDENTITY = "iPhone Developer";
				COPY_PHASE_STRIP = NO;
				DEBUG_INFORMATION_FORMAT = dwarf;
				ENABLE_STRICT_OBJC_MSGSEND = YES;
				ENABLE_TESTABILITY = YES;
				GCC_C_LANGUAGE_STANDARD = gnu11;
				GCC_DYNAMIC_NO_PIC = NO;
				GCC_NO_COMMON_BLOCKS = YES;
				GCC_OPTIMIZATION_LEVEL = 0;
				GCC_PREPROCESSOR_DEFINITIONS = (
					"DEBUG=1",
					"$(inherited)",
				);
				GCC_WARN_64_TO_32_BIT_CONVERSION = YES;
				GCC_WARN_ABOUT_RETURN_TYPE = YES_ERROR;
				GCC_WARN_UNDECLARED_SELECTOR = YES;
				GCC_WARN_UNINITIALIZED_AUTOS = YES_AGGRESSIVE;
				GCC_WARN_UNUSED_FUNCTION = YES;
				GCC_WARN_UNUSED_VARIABLE = YES;
				IPHONEOS_DEPLOYMENT_TARGET = 12.4;
				MTL_ENABLE_DEBUG_INFO = INCLUDE_SOURCE;
				MTL_FAST_MATH = YES;
				ONLY_ACTIVE_ARCH = YES;
				SDKROOT = iphoneos;
				SWIFT_ACTIVE_COMPILATION_CONDITIONS = DEBUG;
				SWIFT_OPTIMIZATION_LEVEL = "-Onone";
			};
			name = Debug;
		};
		C9CBB40E230C4456002BDB28 /* Release */ = {
			isa = XCBuildConfiguration;
			buildSettings = {
				ALWAYS_SEARCH_USER_PATHS = NO;
				CLANG_ANALYZER_NONNULL = YES;
				CLANG_ANALYZER_NUMBER_OBJECT_CONVERSION = YES_AGGRESSIVE;
				CLANG_CXX_LANGUAGE_STANDARD = "gnu++14";
				CLANG_CXX_LIBRARY = "libc++";
				CLANG_ENABLE_MODULES = YES;
				CLANG_ENABLE_OBJC_ARC = YES;
				CLANG_ENABLE_OBJC_WEAK = YES;
				CLANG_WARN_BLOCK_CAPTURE_AUTORELEASING = YES;
				CLANG_WARN_BOOL_CONVERSION = YES;
				CLANG_WARN_COMMA = YES;
				CLANG_WARN_CONSTANT_CONVERSION = YES;
				CLANG_WARN_DEPRECATED_OBJC_IMPLEMENTATIONS = YES;
				CLANG_WARN_DIRECT_OBJC_ISA_USAGE = YES_ERROR;
				CLANG_WARN_DOCUMENTATION_COMMENTS = YES;
				CLANG_WARN_EMPTY_BODY = YES;
				CLANG_WARN_ENUM_CONVERSION = YES;
				CLANG_WARN_INFINITE_RECURSION = YES;
				CLANG_WARN_INT_CONVERSION = YES;
				CLANG_WARN_NON_LITERAL_NULL_CONVERSION = YES;
				CLANG_WARN_OBJC_IMPLICIT_RETAIN_SELF = YES;
				CLANG_WARN_OBJC_LITERAL_CONVERSION = YES;
				CLANG_WARN_OBJC_ROOT_CLASS = YES_ERROR;
				CLANG_WARN_RANGE_LOOP_ANALYSIS = YES;
				CLANG_WARN_STRICT_PROTOTYPES = YES;
				CLANG_WARN_SUSPICIOUS_MOVE = YES;
				CLANG_WARN_UNGUARDED_AVAILABILITY = YES_AGGRESSIVE;
				CLANG_WARN_UNREACHABLE_CODE = YES;
				CLANG_WARN__DUPLICATE_METHOD_MATCH = YES;
				CODE_SIGN_IDENTITY = "iPhone Developer";
				COPY_PHASE_STRIP = NO;
				DEBUG_INFORMATION_FORMAT = "dwarf-with-dsym";
				ENABLE_NS_ASSERTIONS = NO;
				ENABLE_STRICT_OBJC_MSGSEND = YES;
				GCC_C_LANGUAGE_STANDARD = gnu11;
				GCC_NO_COMMON_BLOCKS = YES;
				GCC_WARN_64_TO_32_BIT_CONVERSION = YES;
				GCC_WARN_ABOUT_RETURN_TYPE = YES_ERROR;
				GCC_WARN_UNDECLARED_SELECTOR = YES;
				GCC_WARN_UNINITIALIZED_AUTOS = YES_AGGRESSIVE;
				GCC_WARN_UNUSED_FUNCTION = YES;
				GCC_WARN_UNUSED_VARIABLE = YES;
				IPHONEOS_DEPLOYMENT_TARGET = 12.4;
				MTL_ENABLE_DEBUG_INFO = NO;
				MTL_FAST_MATH = YES;
				SDKROOT = iphoneos;
				SWIFT_COMPILATION_MODE = wholemodule;
				SWIFT_OPTIMIZATION_LEVEL = "-O";
				VALIDATE_PRODUCT = YES;
			};
			name = Release;
		};
		C9CBB410230C4456002BDB28 /* Debug */ = {
			isa = XCBuildConfiguration;
			baseConfigurationReference = 509224F6E780DE67C9137E64 /* Pods-Slacky.debug.xcconfig */;
			buildSettings = {
				ASSETCATALOG_COMPILER_APPICON_NAME = AppIcon;
				CLANG_ENABLE_MODULES = YES;
				CODE_SIGN_ENTITLEMENTS = Slacky/Slacky.entitlements;
				CODE_SIGN_STYLE = Automatic;
				DEVELOPMENT_TEAM = 7U8H9SK8NB;
				INFOPLIST_FILE = Slacky/Info.plist;
				LD_RUNPATH_SEARCH_PATHS = (
					"$(inherited)",
					"@executable_path/Frameworks",
				);
				PRODUCT_BUNDLE_IDENTIFIER = com.randomName.Slacky;
				PRODUCT_NAME = "$(TARGET_NAME)";
				SWIFT_OBJC_BRIDGING_HEADER = "Slacky/Supporting Files/Slacky-Bridging-Header.h";
				SWIFT_OPTIMIZATION_LEVEL = "-Onone";
				SWIFT_VERSION = 5.0;
				TARGETED_DEVICE_FAMILY = "1,2";
			};
			name = Debug;
		};
		C9CBB411230C4456002BDB28 /* Release */ = {
			isa = XCBuildConfiguration;
			baseConfigurationReference = DE96BF37EF79C27A10868680 /* Pods-Slacky.release.xcconfig */;
			buildSettings = {
				ASSETCATALOG_COMPILER_APPICON_NAME = AppIcon;
				CLANG_ENABLE_MODULES = YES;
				CODE_SIGN_ENTITLEMENTS = Slacky/Slacky.entitlements;
				CODE_SIGN_STYLE = Automatic;
				DEVELOPMENT_TEAM = 7U8H9SK8NB;
				INFOPLIST_FILE = Slacky/Info.plist;
				LD_RUNPATH_SEARCH_PATHS = (
					"$(inherited)",
					"@executable_path/Frameworks",
				);
				PRODUCT_BUNDLE_IDENTIFIER = com.randomName.Slacky;
				PRODUCT_NAME = "$(TARGET_NAME)";
				SWIFT_OBJC_BRIDGING_HEADER = "Slacky/Supporting Files/Slacky-Bridging-Header.h";
				SWIFT_VERSION = 5.0;
				TARGETED_DEVICE_FAMILY = "1,2";
			};
			name = Release;
		};
/* End XCBuildConfiguration section */

/* Begin XCConfigurationList section */
		C9CBB3F8230C4454002BDB28 /* Build configuration list for PBXProject "Slacky" */ = {
			isa = XCConfigurationList;
			buildConfigurations = (
				C9CBB40D230C4456002BDB28 /* Debug */,
				C9CBB40E230C4456002BDB28 /* Release */,
			);
			defaultConfigurationIsVisible = 0;
			defaultConfigurationName = Release;
		};
		C9CBB40F230C4456002BDB28 /* Build configuration list for PBXNativeTarget "Slacky" */ = {
			isa = XCConfigurationList;
			buildConfigurations = (
				C9CBB410230C4456002BDB28 /* Debug */,
				C9CBB411230C4456002BDB28 /* Release */,
			);
			defaultConfigurationIsVisible = 0;
			defaultConfigurationName = Release;
		};
/* End XCConfigurationList section */
	};
	rootObject = C9CBB3F5230C4454002BDB28 /* Project object */;
}
